// !$*UTF8*$!
{
	archiveVersion = 1;
	classes = {
	};
	objectVersion = 56;
	objects = {

/* Begin PBXBuildFile section */
		F03D786429CCE18E007507C2 /* Practica_1App.swift in Sources */ = {isa = PBXBuildFile; fileRef = F03D786329CCE18E007507C2 /* Practica_1App.swift */; };
		F03D786629CCE18E007507C2 /* ContentView.swift in Sources */ = {isa = PBXBuildFile; fileRef = F03D786529CCE18E007507C2 /* ContentView.swift */; };
		F03D786829CCE18F007507C2 /* Assets.xcassets in Resources */ = {isa = PBXBuildFile; fileRef = F03D786729CCE18F007507C2 /* Assets.xcassets */; };
		F03D786B29CCE18F007507C2 /* Preview Assets.xcassets in Resources */ = {isa = PBXBuildFile; fileRef = F03D786A29CCE18F007507C2 /* Preview Assets.xcassets */; };
		F03D787529CCE18F007507C2 /* Practica_1Tests.swift in Sources */ = {isa = PBXBuildFile; fileRef = F03D787429CCE18F007507C2 /* Practica_1Tests.swift */; };
		F03D787F29CCE18F007507C2 /* Practica_1UITests.swift in Sources */ = {isa = PBXBuildFile; fileRef = F03D787E29CCE18F007507C2 /* Practica_1UITests.swift */; };
		F03D788129CCE18F007507C2 /* Practica_1UITestsLaunchTests.swift in Sources */ = {isa = PBXBuildFile; fileRef = F03D788029CCE18F007507C2 /* Practica_1UITestsLaunchTests.swift */; };
		F03D788E29CCEE04007507C2 /* CircleImage.swift in Sources */ = {isa = PBXBuildFile; fileRef = F03D788D29CCEE04007507C2 /* CircleImage.swift */; };
		F03D789029CCF0AE007507C2 /* MapView.swift in Sources */ = {isa = PBXBuildFile; fileRef = F03D788F29CCF0AE007507C2 /* MapView.swift */; };
/* End PBXBuildFile section */

/* Begin PBXContainerItemProxy section */
		F03D787129CCE18F007507C2 /* PBXContainerItemProxy */ = {
			isa = PBXContainerItemProxy;
			containerPortal = F03D785829CCE18E007507C2 /* Project object */;
			proxyType = 1;
			remoteGlobalIDString = F03D785F29CCE18E007507C2;
			remoteInfo = Practica_1;
		};
		F03D787B29CCE18F007507C2 /* PBXContainerItemProxy */ = {
			isa = PBXContainerItemProxy;
			containerPortal = F03D785829CCE18E007507C2 /* Project object */;
			proxyType = 1;
			remoteGlobalIDString = F03D785F29CCE18E007507C2;
			remoteInfo = Practica_1;
		};
/* End PBXContainerItemProxy section */

/* Begin PBXFileReference section */
		F03D786029CCE18E007507C2 /* Practica_1.app */ = {isa = PBXFileReference; explicitFileType = wrapper.application; includeInIndex = 0; path = Practica_1.app; sourceTree = BUILT_PRODUCTS_DIR; };
		F03D786329CCE18E007507C2 /* Practica_1App.swift */ = {isa = PBXFileReference; lastKnownFileType = sourcecode.swift; path = Practica_1App.swift; sourceTree = "<group>"; };
		F03D786529CCE18E007507C2 /* ContentView.swift */ = {isa = PBXFileReference; lastKnownFileType = sourcecode.swift; path = ContentView.swift; sourceTree = "<group>"; };
		F03D786729CCE18F007507C2 /* Assets.xcassets */ = {isa = PBXFileReference; lastKnownFileType = folder.assetcatalog; path = Assets.xcassets; sourceTree = "<group>"; };
		F03D786A29CCE18F007507C2 /* Preview Assets.xcassets */ = {isa = PBXFileReference; lastKnownFileType = folder.assetcatalog; path = "Preview Assets.xcassets"; sourceTree = "<group>"; };
		F03D787029CCE18F007507C2 /* Practica_1Tests.xctest */ = {isa = PBXFileReference; explicitFileType = wrapper.cfbundle; includeInIndex = 0; path = Practica_1Tests.xctest; sourceTree = BUILT_PRODUCTS_DIR; };
		F03D787429CCE18F007507C2 /* Practica_1Tests.swift */ = {isa = PBXFileReference; lastKnownFileType = sourcecode.swift; path = Practica_1Tests.swift; sourceTree = "<group>"; };
		F03D787A29CCE18F007507C2 /* Practica_1UITests.xctest */ = {isa = PBXFileReference; explicitFileType = wrapper.cfbundle; includeInIndex = 0; path = Practica_1UITests.xctest; sourceTree = BUILT_PRODUCTS_DIR; };
		F03D787E29CCE18F007507C2 /* Practica_1UITests.swift */ = {isa = PBXFileReference; lastKnownFileType = sourcecode.swift; path = Practica_1UITests.swift; sourceTree = "<group>"; };
		F03D788029CCE18F007507C2 /* Practica_1UITestsLaunchTests.swift */ = {isa = PBXFileReference; lastKnownFileType = sourcecode.swift; path = Practica_1UITestsLaunchTests.swift; sourceTree = "<group>"; };
		F03D788D29CCEE04007507C2 /* CircleImage.swift */ = {isa = PBXFileReference; lastKnownFileType = sourcecode.swift; path = CircleImage.swift; sourceTree = "<group>"; };
		F03D788F29CCF0AE007507C2 /* MapView.swift */ = {isa = PBXFileReference; lastKnownFileType = sourcecode.swift; path = MapView.swift; sourceTree = "<group>"; };
/* End PBXFileReference section */

/* Begin PBXFrameworksBuildPhase section */
		F03D785D29CCE18E007507C2 /* Frameworks */ = {
			isa = PBXFrameworksBuildPhase;
			buildActionMask = 2147483647;
			files = (
			);
			runOnlyForDeploymentPostprocessing = 0;
		};
		F03D786D29CCE18F007507C2 /* Frameworks */ = {
			isa = PBXFrameworksBuildPhase;
			buildActionMask = 2147483647;
			files = (
			);
			runOnlyForDeploymentPostprocessing = 0;
		};
		F03D787729CCE18F007507C2 /* Frameworks */ = {
			isa = PBXFrameworksBuildPhase;
			buildActionMask = 2147483647;
			files = (
			);
			runOnlyForDeploymentPostprocessing = 0;
		};
/* End PBXFrameworksBuildPhase section */

/* Begin PBXGroup section */
		F03D785729CCE18E007507C2 = {
			isa = PBXGroup;
			children = (
				F03D786229CCE18E007507C2 /* Practica_1 */,
				F03D787329CCE18F007507C2 /* Practica_1Tests */,
				F03D787D29CCE18F007507C2 /* Practica_1UITests */,
				F03D786129CCE18E007507C2 /* Products */,
			);
			sourceTree = "<group>";
		};
		F03D786129CCE18E007507C2 /* Products */ = {
			isa = PBXGroup;
			children = (
				F03D786029CCE18E007507C2 /* Practica_1.app */,
				F03D787029CCE18F007507C2 /* Practica_1Tests.xctest */,
				F03D787A29CCE18F007507C2 /* Practica_1UITests.xctest */,
			);
			name = Products;
			sourceTree = "<group>";
		};
		F03D786229CCE18E007507C2 /* Practica_1 */ = {
			isa = PBXGroup;
			children = (
				F03D786329CCE18E007507C2 /* Practica_1App.swift */,
				F03D786529CCE18E007507C2 /* ContentView.swift */,
				F03D788D29CCEE04007507C2 /* CircleImage.swift */,
				F03D788F29CCF0AE007507C2 /* MapView.swift */,
				F03D786729CCE18F007507C2 /* Assets.xcassets */,
				F03D786929CCE18F007507C2 /* Preview Content */,
			);
			path = Practica_1;
			sourceTree = "<group>";
		};
		F03D786929CCE18F007507C2 /* Preview Content */ = {
			isa = PBXGroup;
			children = (
				F03D786A29CCE18F007507C2 /* Preview Assets.xcassets */,
			);
			path = "Preview Content";
			sourceTree = "<group>";
		};
		F03D787329CCE18F007507C2 /* Practica_1Tests */ = {
			isa = PBXGroup;
			children = (
				F03D787429CCE18F007507C2 /* Practica_1Tests.swift */,
			);
			path = Practica_1Tests;
			sourceTree = "<group>";
		};
		F03D787D29CCE18F007507C2 /* Practica_1UITests */ = {
			isa = PBXGroup;
			children = (
				F03D787E29CCE18F007507C2 /* Practica_1UITests.swift */,
				F03D788029CCE18F007507C2 /* Practica_1UITestsLaunchTests.swift */,
			);
			path = Practica_1UITests;
			sourceTree = "<group>";
		};
/* End PBXGroup section */

/* Begin PBXNativeTarget section */
		F03D785F29CCE18E007507C2 /* Practica_1 */ = {
			isa = PBXNativeTarget;
			buildConfigurationList = F03D788429CCE18F007507C2 /* Build configuration list for PBXNativeTarget "Practica_1" */;
			buildPhases = (
				F03D785C29CCE18E007507C2 /* Sources */,
				F03D785D29CCE18E007507C2 /* Frameworks */,
				F03D785E29CCE18E007507C2 /* Resources */,
			);
			buildRules = (
			);
			dependencies = (
			);
			name = Practica_1;
			productName = Practica_1;
			productReference = F03D786029CCE18E007507C2 /* Practica_1.app */;
			productType = "com.apple.product-type.application";
		};
		F03D786F29CCE18F007507C2 /* Practica_1Tests */ = {
			isa = PBXNativeTarget;
			buildConfigurationList = F03D788729CCE18F007507C2 /* Build configuration list for PBXNativeTarget "Practica_1Tests" */;
			buildPhases = (
				F03D786C29CCE18F007507C2 /* Sources */,
				F03D786D29CCE18F007507C2 /* Frameworks */,
				F03D786E29CCE18F007507C2 /* Resources */,
			);
			buildRules = (
			);
			dependencies = (
				F03D787229CCE18F007507C2 /* PBXTargetDependency */,
			);
			name = Practica_1Tests;
			productName = Practica_1Tests;
			productReference = F03D787029CCE18F007507C2 /* Practica_1Tests.xctest */;
			productType = "com.apple.product-type.bundle.unit-test";
		};
		F03D787929CCE18F007507C2 /* Practica_1UITests */ = {
			isa = PBXNativeTarget;
			buildConfigurationList = F03D788A29CCE18F007507C2 /* Build configuration list for PBXNativeTarget "Practica_1UITests" */;
			buildPhases = (
				F03D787629CCE18F007507C2 /* Sources */,
				F03D787729CCE18F007507C2 /* Frameworks */,
				F03D787829CCE18F007507C2 /* Resources */,
			);
			buildRules = (
			);
			dependencies = (
				F03D787C29CCE18F007507C2 /* PBXTargetDependency */,
			);
			name = Practica_1UITests;
			productName = Practica_1UITests;
			productReference = F03D787A29CCE18F007507C2 /* Practica_1UITests.xctest */;
			productType = "com.apple.product-type.bundle.ui-testing";
		};
/* End PBXNativeTarget section */

/* Begin PBXProject section */
		F03D785829CCE18E007507C2 /* Project object */ = {
			isa = PBXProject;
			attributes = {
				BuildIndependentTargetsInParallel = 1;
				LastSwiftUpdateCheck = 1420;
				LastUpgradeCheck = 1420;
				TargetAttributes = {
					F03D785F29CCE18E007507C2 = {
						CreatedOnToolsVersion = 14.2;
					};
					F03D786F29CCE18F007507C2 = {
						CreatedOnToolsVersion = 14.2;
						TestTargetID = F03D785F29CCE18E007507C2;
					};
					F03D787929CCE18F007507C2 = {
						CreatedOnToolsVersion = 14.2;
						TestTargetID = F03D785F29CCE18E007507C2;
					};
				};
			};
			buildConfigurationList = F03D785B29CCE18E007507C2 /* Build configuration list for PBXProject "Practica_1" */;
			compatibilityVersion = "Xcode 14.0";
			developmentRegion = en;
			hasScannedForEncodings = 0;
			knownRegions = (
				en,
				Base,
			);
			mainGroup = F03D785729CCE18E007507C2;
			productRefGroup = F03D786129CCE18E007507C2 /* Products */;
			projectDirPath = "";
			projectRoot = "";
			targets = (
				F03D785F29CCE18E007507C2 /* Practica_1 */,
				F03D786F29CCE18F007507C2 /* Practica_1Tests */,
				F03D787929CCE18F007507C2 /* Practica_1UITests */,
			);
		};
/* End PBXProject section */

/* Begin PBXResourcesBuildPhase section */
		F03D785E29CCE18E007507C2 /* Resources */ = {
			isa = PBXResourcesBuildPhase;
			buildActionMask = 2147483647;
			files = (
				F03D786B29CCE18F007507C2 /* Preview Assets.xcassets in Resources */,
				F03D786829CCE18F007507C2 /* Assets.xcassets in Resources */,
			);
			runOnlyForDeploymentPostprocessing = 0;
		};
		F03D786E29CCE18F007507C2 /* Resources */ = {
			isa = PBXResourcesBuildPhase;
			buildActionMask = 2147483647;
			files = (
			);
			runOnlyForDeploymentPostprocessing = 0;
		};
		F03D787829CCE18F007507C2 /* Resources */ = {
			isa = PBXResourcesBuildPhase;
			buildActionMask = 2147483647;
			files = (
			);
			runOnlyForDeploymentPostprocessing = 0;
		};
/* End PBXResourcesBuildPhase section */

/* Begin PBXSourcesBuildPhase section */
		F03D785C29CCE18E007507C2 /* Sources */ = {
			isa = PBXSourcesBuildPhase;
			buildActionMask = 2147483647;
			files = (
				F03D786629CCE18E007507C2 /* ContentView.swift in Sources */,
				F03D789029CCF0AE007507C2 /* MapView.swift in Sources */,
				F03D786429CCE18E007507C2 /* Practica_1App.swift in Sources */,
				F03D788E29CCEE04007507C2 /* CircleImage.swift in Sources */,
			);
			runOnlyForDeploymentPostprocessing = 0;
		};
		F03D786C29CCE18F007507C2 /* Sources */ = {
			isa = PBXSourcesBuildPhase;
			buildActionMask = 2147483647;
			files = (
				F03D787529CCE18F007507C2 /* Practica_1Tests.swift in Sources */,
			);
			runOnlyForDeploymentPostprocessing = 0;
		};
		F03D787629CCE18F007507C2 /* Sources */ = {
			isa = PBXSourcesBuildPhase;
			buildActionMask = 2147483647;
			files = (
				F03D787F29CCE18F007507C2 /* Practica_1UITests.swift in Sources */,
				F03D788129CCE18F007507C2 /* Practica_1UITestsLaunchTests.swift in Sources */,
			);
			runOnlyForDeploymentPostprocessing = 0;
		};
/* End PBXSourcesBuildPhase section */

/* Begin PBXTargetDependency section */
		F03D787229CCE18F007507C2 /* PBXTargetDependency */ = {
			isa = PBXTargetDependency;
			target = F03D785F29CCE18E007507C2 /* Practica_1 */;
			targetProxy = F03D787129CCE18F007507C2 /* PBXContainerItemProxy */;
		};
		F03D787C29CCE18F007507C2 /* PBXTargetDependency */ = {
			isa = PBXTargetDependency;
			target = F03D785F29CCE18E007507C2 /* Practica_1 */;
			targetProxy = F03D787B29CCE18F007507C2 /* PBXContainerItemProxy */;
		};
/* End PBXTargetDependency section */

/* Begin XCBuildConfiguration section */
		F03D788229CCE18F007507C2 /* Debug */ = {
			isa = XCBuildConfiguration;
			buildSettings = {
				ALWAYS_SEARCH_USER_PATHS = NO;
				CLANG_ANALYZER_NONNULL = YES;
				CLANG_ANALYZER_NUMBER_OBJECT_CONVERSION = YES_AGGRESSIVE;
				CLANG_CXX_LANGUAGE_STANDARD = "gnu++20";
				CLANG_ENABLE_MODULES = YES;
				CLANG_ENABLE_OBJC_ARC = YES;
				CLANG_ENABLE_OBJC_WEAK = YES;
				CLANG_WARN_BLOCK_CAPTURE_AUTORELEASING = YES;
				CLANG_WARN_BOOL_CONVERSION = YES;
				CLANG_WARN_COMMA = YES;
				CLANG_WARN_CONSTANT_CONVERSION = YES;
				CLANG_WARN_DEPRECATED_OBJC_IMPLEMENTATIONS = YES;
				CLANG_WARN_DIRECT_OBJC_ISA_USAGE = YES_ERROR;
				CLANG_WARN_DOCUMENTATION_COMMENTS = YES;
				CLANG_WARN_EMPTY_BODY = YES;
				CLANG_WARN_ENUM_CONVERSION = YES;
				CLANG_WARN_INFINITE_RECURSION = YES;
				CLANG_WARN_INT_CONVERSION = YES;
				CLANG_WARN_NON_LITERAL_NULL_CONVERSION = YES;
				CLANG_WARN_OBJC_IMPLICIT_RETAIN_SELF = YES;
				CLANG_WARN_OBJC_LITERAL_CONVERSION = YES;
				CLANG_WARN_OBJC_ROOT_CLASS = YES_ERROR;
				CLANG_WARN_QUOTED_INCLUDE_IN_FRAMEWORK_HEADER = YES;
				CLANG_WARN_RANGE_LOOP_ANALYSIS = YES;
				CLANG_WARN_STRICT_PROTOTYPES = YES;
				CLANG_WARN_SUSPICIOUS_MOVE = YES;
				CLANG_WARN_UNGUARDED_AVAILABILITY = YES_AGGRESSIVE;
				CLANG_WARN_UNREACHABLE_CODE = YES;
				CLANG_WARN__DUPLICATE_METHOD_MATCH = YES;
				COPY_PHASE_STRIP = NO;
				DEBUG_INFORMATION_FORMAT = dwarf;
				ENABLE_STRICT_OBJC_MSGSEND = YES;
				ENABLE_TESTABILITY = YES;
				GCC_C_LANGUAGE_STANDARD = gnu11;
				GCC_DYNAMIC_NO_PIC = NO;
				GCC_NO_COMMON_BLOCKS = YES;
				GCC_OPTIMIZATION_LEVEL = 0;
				GCC_PREPROCESSOR_DEFINITIONS = (
					"DEBUG=1",
					"$(inherited)",
				);
				GCC_WARN_64_TO_32_BIT_CONVERSION = YES;
				GCC_WARN_ABOUT_RETURN_TYPE = YES_ERROR;
				GCC_WARN_UNDECLARED_SELECTOR = YES;
				GCC_WARN_UNINITIALIZED_AUTOS = YES_AGGRESSIVE;
				GCC_WARN_UNUSED_FUNCTION = YES;
				GCC_WARN_UNUSED_VARIABLE = YES;
				IPHONEOS_DEPLOYMENT_TARGET = 16.2;
				MTL_ENABLE_DEBUG_INFO = INCLUDE_SOURCE;
				MTL_FAST_MATH = YES;
				ONLY_ACTIVE_ARCH = YES;
				SDKROOT = iphoneos;
				SWIFT_ACTIVE_COMPILATION_CONDITIONS = DEBUG;
				SWIFT_OPTIMIZATION_LEVEL = "-Onone";
			};
			name = Debug;
		};
		F03D788329CCE18F007507C2 /* Release */ = {
			isa = XCBuildConfiguration;
			buildSettings = {
				ALWAYS_SEARCH_USER_PATHS = NO;
				CLANG_ANALYZER_NONNULL = YES;
				CLANG_ANALYZER_NUMBER_OBJECT_CONVERSION = YES_AGGRESSIVE;
				CLANG_CXX_LANGUAGE_STANDARD = "gnu++20";
				CLANG_ENABLE_MODULES = YES;
				CLANG_ENABLE_OBJC_ARC = YES;
				CLANG_ENABLE_OBJC_WEAK = YES;
				CLANG_WARN_BLOCK_CAPTURE_AUTORELEASING = YES;
				CLANG_WARN_BOOL_CONVERSION = YES;
				CLANG_WARN_COMMA = YES;
				CLANG_WARN_CONSTANT_CONVERSION = YES;
				CLANG_WARN_DEPRECATED_OBJC_IMPLEMENTATIONS = YES;
				CLANG_WARN_DIRECT_OBJC_ISA_USAGE = YES_ERROR;
				CLANG_WARN_DOCUMENTATION_COMMENTS = YES;
				CLANG_WARN_EMPTY_BODY = YES;
				CLANG_WARN_ENUM_CONVERSION = YES;
				CLANG_WARN_INFINITE_RECURSION = YES;
				CLANG_WARN_INT_CONVERSION = YES;
				CLANG_WARN_NON_LITERAL_NULL_CONVERSION = YES;
				CLANG_WARN_OBJC_IMPLICIT_RETAIN_SELF = YES;
				CLANG_WARN_OBJC_LITERAL_CONVERSION = YES;
				CLANG_WARN_OBJC_ROOT_CLASS = YES_ERROR;
				CLANG_WARN_QUOTED_INCLUDE_IN_FRAMEWORK_HEADER = YES;
				CLANG_WARN_RANGE_LOOP_ANALYSIS = YES;
				CLANG_WARN_STRICT_PROTOTYPES = YES;
				CLANG_WARN_SUSPICIOUS_MOVE = YES;
				CLANG_WARN_UNGUARDED_AVAILABILITY = YES_AGGRESSIVE;
				CLANG_WARN_UNREACHABLE_CODE = YES;
				CLANG_WARN__DUPLICATE_METHOD_MATCH = YES;
				COPY_PHASE_STRIP = NO;
				DEBUG_INFORMATION_FORMAT = "dwarf-with-dsym";
				ENABLE_NS_ASSERTIONS = NO;
				ENABLE_STRICT_OBJC_MSGSEND = YES;
				GCC_C_LANGUAGE_STANDARD = gnu11;
				GCC_NO_COMMON_BLOCKS = YES;
				GCC_WARN_64_TO_32_BIT_CONVERSION = YES;
				GCC_WARN_ABOUT_RETURN_TYPE = YES_ERROR;
				GCC_WARN_UNDECLARED_SELECTOR = YES;
				GCC_WARN_UNINITIALIZED_AUTOS = YES_AGGRESSIVE;
				GCC_WARN_UNUSED_FUNCTION = YES;
				GCC_WARN_UNUSED_VARIABLE = YES;
				IPHONEOS_DEPLOYMENT_TARGET = 16.2;
				MTL_ENABLE_DEBUG_INFO = NO;
				MTL_FAST_MATH = YES;
				SDKROOT = iphoneos;
				SWIFT_COMPILATION_MODE = wholemodule;
				SWIFT_OPTIMIZATION_LEVEL = "-O";
				VALIDATE_PRODUCT = YES;
			};
			name = Release;
		};
		F03D788529CCE18F007507C2 /* Debug */ = {
			isa = XCBuildConfiguration;
			buildSettings = {
				ASSETCATALOG_COMPILER_APPICON_NAME = AppIcon;
				ASSETCATALOG_COMPILER_GLOBAL_ACCENT_COLOR_NAME = AccentColor;
				CODE_SIGN_STYLE = Automatic;
				CURRENT_PROJECT_VERSION = 1;
				DEVELOPMENT_ASSET_PATHS = "\"Practica_1/Preview Content\"";
				ENABLE_PREVIEWS = YES;
				GENERATE_INFOPLIST_FILE = YES;
				INFOPLIST_KEY_UIApplicationSceneManifest_Generation = YES;
				INFOPLIST_KEY_UIApplicationSupportsIndirectInputEvents = YES;
				INFOPLIST_KEY_UILaunchScreen_Generation = YES;
				INFOPLIST_KEY_UISupportedInterfaceOrientations_iPad = "UIInterfaceOrientationPortrait UIInterfaceOrientationPortraitUpsideDown UIInterfaceOrientationLandscapeLeft UIInterfaceOrientationLandscapeRight";
				INFOPLIST_KEY_UISupportedInterfaceOrientations_iPhone = "UIInterfaceOrientationPortrait UIInterfaceOrientationLandscapeLeft UIInterfaceOrientationLandscapeRight";
				LD_RUNPATH_SEARCH_PATHS = (
					"$(inherited)",
					"@executable_path/Frameworks",
				);
				MARKETING_VERSION = 1.0;
				PRODUCT_BUNDLE_IDENTIFIER = "UNAM.Practica-1";
				PRODUCT_NAME = "$(TARGET_NAME)";
				SWIFT_EMIT_LOC_STRINGS = YES;
				SWIFT_VERSION = 5.0;
				TARGETED_DEVICE_FAMILY = "1,2";
			};
			name = Debug;
		};
		F03D788629CCE18F007507C2 /* Release */ = {
			isa = XCBuildConfiguration;
			buildSettings = {
				ASSETCATALOG_COMPILER_APPICON_NAME = AppIcon;
				ASSETCATALOG_COMPILER_GLOBAL_ACCENT_COLOR_NAME = AccentColor;
				CODE_SIGN_STYLE = Automatic;
				CURRENT_PROJECT_VERSION = 1;
				DEVELOPMENT_ASSET_PATHS = "\"Practica_1/Preview Content\"";
				ENABLE_PREVIEWS = YES;
				GENERATE_INFOPLIST_FILE = YES;
				INFOPLIST_KEY_UIApplicationSceneManifest_Generation = YES;
				INFOPLIST_KEY_UIApplicationSupportsIndirectInputEvents = YES;
				INFOPLIST_KEY_UILaunchScreen_Generation = YES;
				INFOPLIST_KEY_UISupportedInterfaceOrientations_iPad = "UIInterfaceOrientationPortrait UIInterfaceOrientationPortraitUpsideDown UIInterfaceOrientationLandscapeLeft UIInterfaceOrientationLandscapeRight";
				INFOPLIST_KEY_UISupportedInterfaceOrientations_iPhone = "UIInterfaceOrientationPortrait UIInterfaceOrientationLandscapeLeft UIInterfaceOrientationLandscapeRight";
				LD_RUNPATH_SEARCH_PATHS = (
					"$(inherited)",
					"@executable_path/Frameworks",
				);
				MARKETING_VERSION = 1.0;
				PRODUCT_BUNDLE_IDENTIFIER = "UNAM.Practica-1";
				PRODUCT_NAME = "$(TARGET_NAME)";
				SWIFT_EMIT_LOC_STRINGS = YES;
				SWIFT_VERSION = 5.0;
				TARGETED_DEVICE_FAMILY = "1,2";
			};
			name = Release;
		};
		F03D788829CCE18F007507C2 /* Debug */ = {
			isa = XCBuildConfiguration;
			buildSettings = {
				ALWAYS_EMBED_SWIFT_STANDARD_LIBRARIES = YES;
				BUNDLE_LOADER = "$(TEST_HOST)";
				CODE_SIGN_STYLE = Automatic;
				CURRENT_PROJECT_VERSION = 1;
				GENERATE_INFOPLIST_FILE = YES;
				IPHONEOS_DEPLOYMENT_TARGET = 16.2;
				MARKETING_VERSION = 1.0;
				PRODUCT_BUNDLE_IDENTIFIER = "UNAM.Practica-1Tests";
				PRODUCT_NAME = "$(TARGET_NAME)";
				SWIFT_EMIT_LOC_STRINGS = NO;
				SWIFT_VERSION = 5.0;
				TARGETED_DEVICE_FAMILY = "1,2";
				TEST_HOST = "$(BUILT_PRODUCTS_DIR)/Practica_1.app/$(BUNDLE_EXECUTABLE_FOLDER_PATH)/Practica_1";
			};
			name = Debug;
		};
		F03D788929CCE18F007507C2 /* Release */ = {
			isa = XCBuildConfiguration;
			buildSettings = {
				ALWAYS_EMBED_SWIFT_STANDARD_LIBRARIES = YES;
				BUNDLE_LOADER = "$(TEST_HOST)";
				CODE_SIGN_STYLE = Automatic;
				CURRENT_PROJECT_VERSION = 1;
				GENERATE_INFOPLIST_FILE = YES;
				IPHONEOS_DEPLOYMENT_TARGET = 16.2;
				MARKETING_VERSION = 1.0;
				PRODUCT_BUNDLE_IDENTIFIER = "UNAM.Practica-1Tests";
				PRODUCT_NAME = "$(TARGET_NAME)";
				SWIFT_EMIT_LOC_STRINGS = NO;
				SWIFT_VERSION = 5.0;
				TARGETED_DEVICE_FAMILY = "1,2";
				TEST_HOST = "$(BUILT_PRODUCTS_DIR)/Practica_1.app/$(BUNDLE_EXECUTABLE_FOLDER_PATH)/Practica_1";
			};
			name = Release;
		};
		F03D788B29CCE18F007507C2 /* Debug */ = {
			isa = XCBuildConfiguration;
			buildSettings = {
				ALWAYS_EMBED_SWIFT_STANDARD_LIBRARIES = YES;
				CODE_SIGN_STYLE = Automatic;
				CURRENT_PROJECT_VERSION = 1;
				GENERATE_INFOPLIST_FILE = YES;
				MARKETING_VERSION = 1.0;
				PRODUCT_BUNDLE_IDENTIFIER = "UNAM.Practica-1UITests";
				PRODUCT_NAME = "$(TARGET_NAME)";
				SWIFT_EMIT_LOC_STRINGS = NO;
				SWIFT_VERSION = 5.0;
				TARGETED_DEVICE_FAMILY = "1,2";
				TEST_TARGET_NAME = Practica_1;
			};
			name = Debug;
		};
		F03D788C29CCE18F007507C2 /* Release */ = {
			isa = XCBuildConfiguration;
			buildSettings = {
				ALWAYS_EMBED_SWIFT_STANDARD_LIBRARIES = YES;
				CODE_SIGN_STYLE = Automatic;
				CURRENT_PROJECT_VERSION = 1;
				GENERATE_INFOPLIST_FILE = YES;
				MARKETING_VERSION = 1.0;
				PRODUCT_BUNDLE_IDENTIFIER = "UNAM.Practica-1UITests";
				PRODUCT_NAME = "$(TARGET_NAME)";
				SWIFT_EMIT_LOC_STRINGS = NO;
				SWIFT_VERSION = 5.0;
				TARGETED_DEVICE_FAMILY = "1,2";
				TEST_TARGET_NAME = Practica_1;
			};
			name = Release;
		};
/* End XCBuildConfiguration section */

/* Begin XCConfigurationList section */
		F03D785B29CCE18E007507C2 /* Build configuration list for PBXProject "Practica_1" */ = {
			isa = XCConfigurationList;
			buildConfigurations = (
				F03D788229CCE18F007507C2 /* Debug */,
				F03D788329CCE18F007507C2 /* Release */,
			);
			defaultConfigurationIsVisible = 0;
			defaultConfigurationName = Release;
		};
		F03D788429CCE18F007507C2 /* Build configuration list for PBXNativeTarget "Practica_1" */ = {
			isa = XCConfigurationList;
			buildConfigurations = (
				F03D788529CCE18F007507C2 /* Debug */,
				F03D788629CCE18F007507C2 /* Release */,
			);
			defaultConfigurationIsVisible = 0;
			defaultConfigurationName = Release;
		};
		F03D788729CCE18F007507C2 /* Build configuration list for PBXNativeTarget "Practica_1Tests" */ = {
			isa = XCConfigurationList;
			buildConfigurations = (
				F03D788829CCE18F007507C2 /* Debug */,
				F03D788929CCE18F007507C2 /* Release */,
			);
			defaultConfigurationIsVisible = 0;
			defaultConfigurationName = Release;
		};
		F03D788A29CCE18F007507C2 /* Build configuration list for PBXNativeTarget "Practica_1UITests" */ = {
			isa = XCConfigurationList;
			buildConfigurations = (
				F03D788B29CCE18F007507C2 /* Debug */,
				F03D788C29CCE18F007507C2 /* Release */,
			);
			defaultConfigurationIsVisible = 0;
			defaultConfigurationName = Release;
		};
/* End XCConfigurationList section */
	};
	rootObject = F03D785829CCE18E007507C2 /* Project object */;
}
